{
  "name": "app",
  "version": "1.0.0",
  "lockfileVersion": 1,
  "requires": true,
  "dependencies": {
    "@1mill/cloudevents": {
      "version": "0.5.7",
      "resolved": "https://registry.npmjs.org/@1mill/cloudevents/-/cloudevents-0.5.7.tgz",
      "integrity": "sha512-HK1cNeO7O6xmpBojyj9p1EjsJqfOYtO53g8rNr5flOrl2TaN3oRyaipwhZaxmm3s2dCiIeCc0zYvlbT513BneQ==",
      "requires": {
        "kafkajs": "^1.12.0"
      }
    },
    "kafkajs": {
      "version": "1.12.0",
      "resolved": "https://registry.npmjs.org/kafkajs/-/kafkajs-1.12.0.tgz",
      "integrity": "sha512-Izkd9iFRgeeKaHEgVpGQH08ygzCbHSxTbnu8W3G3uiNaVjGibUTmTwjv1Qf2M8NORXcPfzwVyg6bBlVj4SKr9g==",
      "requires": {
        "long": "^4.0.0"
      }
    },
    "long": {
      "version": "4.0.0",
      "resolved": "https://registry.npmjs.org/long/-/long-4.0.0.tgz",
      "integrity": "sha512-XsP+KhQif4bjX1kbuSiySJFNAehNxgLb6hPRGJ9QsUr8ajHkuXGdrHmFUTUUXhDwVX2R5bY4JNZEwbUiMhV+MA=="
    }
  }
}
